
Microsoft Visual Studio Solution File, Format Version 12.00
# Visual Studio Version 16
VisualStudioVersion = 16.0.30804.86
MinimumVisualStudioVersion = 10.0.40219.1
Project("{888888A0-9F3D-457C-B088-3A5042F75D52}") = "rs_command_word_evaluation", "rs_command_word_evaluation.pyproj", "{3D657FF1-C2A8-480B-84A8-A5808AAEDAAD}"
EndProject
Global
	GlobalSection(SolutionConfigurationPlatforms) = preSolution
		Debug|Any CPU = Debug|Any CPU
		Release|Any CPU = Release|Any CPU
	EndGlobalSection
	GlobalSection(ProjectConfigurationPlatforms) = postSolution
		{3D657FF1-C2A8-480B-84A8-A5808AAEDAAD}.Debug|Any CPU.ActiveCfg = Debug|Any CPU
		{3D657FF1-C2A8-480B-84A8-A5808AAEDAAD}.Release|Any CPU.ActiveCfg = Release|Any CPU
	EndGlobalSection
	GlobalSection(SolutionProperties) = preSolution
		HideSolutionNode = FALSE
	EndGlobalSection
	GlobalSection(ExtensibilityGlobals) = postSolution
		SolutionGuid = {618669D7-5AB2-4582-A68C-204936F4C43F}
	EndGlobalSection
EndGlobal
